# Generated by pub
# See http://pub.dartlang.org/doc/glossary.html#lockfile
packages:
  color_slider_control:
    description:
      ref: null
      resolved-ref: "092ff82fef0bec283f1e82abdc6ef1b997f6c080"
      url: "git://github.com/wdevore/color_slider_control.git"
    source: git
    version: "0.0.0"
